
Microsoft Visual Studio Solution File, Format Version 12.00
# Visual Studio Version 17
VisualStudioVersion = 17.13.35919.96
MinimumVisualStudioVersion = 10.0.40219.1
Project("{FAE04EC0-301F-11D3-BF4B-00C04F79EFBC}") = "ExOfDictionary", "ExOfDictionary\ExOfDictionary.csproj", "{2ED21519-C91E-4134-B8E5-4F3F0C51BCD4}"
EndProject
Project("{FAE04EC0-301F-11D3-BF4B-00C04F79EFBC}") = "ExOfSortedList", "ExOfSortedList\ExOfSortedList.csproj", "{29EC3646-8E54-4C28-8E18-8AB8E67702CE}"
EndProject
Project("{FAE04EC0-301F-11D3-BF4B-00C04F79EFBC}") = "ExOfHashtable", "ExOfHashtable\ExOfHashtable.csproj", "{04D3B4EC-A2CD-4314-86A4-A04CBE3239E9}"
EndProject
Project("{FAE04EC0-301F-11D3-BF4B-00C04F79EFBC}") = "ExOfArrayList", "ExOfArrayList\ExOfArrayList.csproj", "{1FD6B621-72BD-4687-8481-0814D9665868}"
EndProject
Project("{FAE04EC0-301F-11D3-BF4B-00C04F79EFBC}") = "ExofHashSet", "ExofHashSet\ExofHashSet.csproj", "{B8E8779E-66EC-4D90-AFDD-C5DC22FBDBFD}"
EndProject
Global
	GlobalSection(SolutionConfigurationPlatforms) = preSolution
		Debug|Any CPU = Debug|Any CPU
		Release|Any CPU = Release|Any CPU
	EndGlobalSection
	GlobalSection(ProjectConfigurationPlatforms) = postSolution
		{2ED21519-C91E-4134-B8E5-4F3F0C51BCD4}.Debug|Any CPU.ActiveCfg = Debug|Any CPU
		{2ED21519-C91E-4134-B8E5-4F3F0C51BCD4}.Debug|Any CPU.Build.0 = Debug|Any CPU
		{2ED21519-C91E-4134-B8E5-4F3F0C51BCD4}.Release|Any CPU.ActiveCfg = Release|Any CPU
		{2ED21519-C91E-4134-B8E5-4F3F0C51BCD4}.Release|Any CPU.Build.0 = Release|Any CPU
		{29EC3646-8E54-4C28-8E18-8AB8E67702CE}.Debug|Any CPU.ActiveCfg = Debug|Any CPU
		{29EC3646-8E54-4C28-8E18-8AB8E67702CE}.Debug|Any CPU.Build.0 = Debug|Any CPU
		{29EC3646-8E54-4C28-8E18-8AB8E67702CE}.Release|Any CPU.ActiveCfg = Release|Any CPU
		{29EC3646-8E54-4C28-8E18-8AB8E67702CE}.Release|Any CPU.Build.0 = Release|Any CPU
		{04D3B4EC-A2CD-4314-86A4-A04CBE3239E9}.Debug|Any CPU.ActiveCfg = Debug|Any CPU
		{04D3B4EC-A2CD-4314-86A4-A04CBE3239E9}.Debug|Any CPU.Build.0 = Debug|Any CPU
		{04D3B4EC-A2CD-4314-86A4-A04CBE3239E9}.Release|Any CPU.ActiveCfg = Release|Any CPU
		{04D3B4EC-A2CD-4314-86A4-A04CBE3239E9}.Release|Any CPU.Build.0 = Release|Any CPU
		{1FD6B621-72BD-4687-8481-0814D9665868}.Debug|Any CPU.ActiveCfg = Debug|Any CPU
		{1FD6B621-72BD-4687-8481-0814D9665868}.Debug|Any CPU.Build.0 = Debug|Any CPU
		{1FD6B621-72BD-4687-8481-0814D9665868}.Release|Any CPU.ActiveCfg = Release|Any CPU
		{1FD6B621-72BD-4687-8481-0814D9665868}.Release|Any CPU.Build.0 = Release|Any CPU
		{B8E8779E-66EC-4D90-AFDD-C5DC22FBDBFD}.Debug|Any CPU.ActiveCfg = Debug|Any CPU
		{B8E8779E-66EC-4D90-AFDD-C5DC22FBDBFD}.Debug|Any CPU.Build.0 = Debug|Any CPU
		{B8E8779E-66EC-4D90-AFDD-C5DC22FBDBFD}.Release|Any CPU.ActiveCfg = Release|Any CPU
		{B8E8779E-66EC-4D90-AFDD-C5DC22FBDBFD}.Release|Any CPU.Build.0 = Release|Any CPU
	EndGlobalSection
	GlobalSection(SolutionProperties) = preSolution
		HideSolutionNode = FALSE
	EndGlobalSection
	GlobalSection(ExtensibilityGlobals) = postSolution
		SolutionGuid = {7C70BF50-7929-4738-B365-68B3070AD835}
	EndGlobalSection
EndGlobal
