
Microsoft Visual Studio Solution File, Format Version 12.00
# Visual Studio Version 17
VisualStudioVersion = 17.13.35919.96 d17.13
MinimumVisualStudioVersion = 10.0.40219.1
Project("{FAE04EC0-301F-11D3-BF4B-00C04F79EFBC}") = "ExofAbstractMethod", "ExofAbstractMethod\ExofAbstractMethod.csproj", "{05E02068-1A1F-4660-9428-E9AB07C63EBE}"
EndProject
Global
	GlobalSection(SolutionConfigurationPlatforms) = preSolution
		Debug|Any CPU = Debug|Any CPU
		Release|Any CPU = Release|Any CPU
	EndGlobalSection
	GlobalSection(ProjectConfigurationPlatforms) = postSolution
		{05E02068-1A1F-4660-9428-E9AB07C63EBE}.Debug|Any CPU.ActiveCfg = Debug|Any CPU
		{05E02068-1A1F-4660-9428-E9AB07C63EBE}.Debug|Any CPU.Build.0 = Debug|Any CPU
		{05E02068-1A1F-4660-9428-E9AB07C63EBE}.Release|Any CPU.ActiveCfg = Release|Any CPU
		{05E02068-1A1F-4660-9428-E9AB07C63EBE}.Release|Any CPU.Build.0 = Release|Any CPU
	EndGlobalSection
	GlobalSection(SolutionProperties) = preSolution
		HideSolutionNode = FALSE
	EndGlobalSection
	GlobalSection(ExtensibilityGlobals) = postSolution
		SolutionGuid = {5D36E3FE-00E6-4DFD-A4E9-2BF2586F0538}
	EndGlobalSection
EndGlobal
